{
    "_readme": [
        "This file locks the dependencies of your project to a known state",
        "Read more about it at https://getcomposer.org/doc/01-basic-usage.md#installing-dependencies",
        "This file is @generated automatically"
    ],
    "content-hash": "04b37ca8ddbf93b97894feaa093b533c",
    "packages": [
        {
            "name": "overtrue/pinyin",
            "version": "6.0.0",
            "source": {
                "type": "git",
                "url": "https://github.com/overtrue/pinyin.git",
                "reference": "729422bec2c9d3aa1e54e8d65afdab954f52014f"
            },
            "dist": {
                "type": "zip",
                "url": "https://api.github.com/repos/overtrue/pinyin/zipball/729422bec2c9d3aa1e54e8d65afdab954f52014f",
                "reference": "729422bec2c9d3aa1e54e8d65afdab954f52014f",
                "shasum": ""
            },
            "require": {
                "php": ">=8.1"
            },
            "require-dev": {
                "brainmaestro/composer-git-hooks": "^3.0",
                "laravel/pint": "^1.10",
                "nunomaduro/termwind": "^2.0",
                "phpunit/phpunit": "^12.0.21"
            },
            "bin": [
                "bin/pinyin"
            ],
            "type": "library",
            "extra": {
                "hooks": {
                    "pre-push": [
                        "composer pint",
                        "composer test"
                    ],
                    "pre-commit": [
                        "composer pint",
                        "composer test"
                    ]
                }
            },
            "autoload": {
                "psr-4": {
                    "Overtrue\\Pinyin\\": "src/"
                }
            },
            "notification-url": "https://packagist.org/downloads/",
            "license": [
                "MIT"
            ],
            "authors": [
                {
                    "name": "overtrue",
                    "email": "anzhengchao@gmail.com",
                    "homepage": "http://github.com/overtrue"
                }
            ],
            "description": "Chinese to pinyin translator.",
            "homepage": "https://github.com/overtrue/pinyin",
            "keywords": [
                "Chinese",
                "Pinyin",
                "cn2pinyin"
            ],
            "support": {
                "issues": "https://github.com/overtrue/pinyin/issues",
                "source": "https://github.com/overtrue/pinyin/tree/6.0.0"
            },
            "funding": [
                {
                    "url": "https://github.com/overtrue",
                    "type": "github"
                }
            ],
            "time": "2025-09-08T10:34:18+00:00"
        }
    ],
    "packages-dev": [],
    "aliases": [],
    "minimum-stability": "stable",
    "stability-flags": {},
    "prefer-stable": false,
    "prefer-lowest": false,
    "platform": {},
    "platform-dev": {},
    "plugin-api-version": "2.9.0"
}
